# nova-rootwrap command filters for nova-baremetal-deploy-helper
# This file should be owned by (and only-writeable by) the root user

[Filters]
# nova-baremetal-deploy-helper
iscsiadm: CommandFilter, iscsiadm, root
sfdisk: CommandFilter, sfdisk, root
dd: CommandFilter, dd, root
mkswap: CommandFilter, mkswap, root
blkid: CommandFilter, blkid, root
mkfs: CommandFilter, mkfs, root
